<?xml version="1.0" encoding="utf-8"?>
<Project ToolsVersion="4.0" xmlns="http://schemas.microsoft.com/developer/msbuild/2003">
  <ItemGroup>
    <Filter Include="Source Files">
      <UniqueIdentifier>{4FC737F1-C7A5-4376-A066-2A32D752A2FF}</UniqueIdentifier>
      <Extensions>cpp;c;cc;cxx;def;odl;idl;hpj;bat;asm;asmx</Extensions>
    </Filter>
    <Filter Include="Header Files">
      <UniqueIdentifier>{93995380-89BD-4b04-88EB-625FBE52EBFB}</UniqueIdentifier>
      <Extensions>h;hh;hpp;hxx;hm;inl;inc;ipp;xsd</Extensions>
    </Filter>
    <Filter Include="Resource Files">
      <UniqueIdentifier>{67DA6AB6-F800-4c08-8B7A-83BB121AAD01}</UniqueIdentifier>
      <Extensions>rc;ico;cur;bmp;dlg;rc2;rct;bin;rgs;gif;jpg;jpeg;jpe;resx;tiff;tif;png;wav;mfcribbon-ms</Extensions>
    </Filter>
    <Filter Include="Source Files\imgui">
      <UniqueIdentifier>{cdf696a7-1f98-4d49-95e4-595a3646fc86}</UniqueIdentifier>
    </Filter>
    <Filter Include="Source Files\headers">
      <UniqueIdentifier>{266bb3d5-6a4d-43ac-8887-6bacb86bc3e9}</UniqueIdentifier>
    </Filter>
    <Filter Include="Source Files\randomshit">
      <UniqueIdentifier>{4dfde40e-3cad-41ce-ad7f-0ef9bb2f6172}</UniqueIdentifier>
    </Filter>
  </ItemGroup>
  <ItemGroup>
    <ClInclude Include="framework.h">
      <Filter>Header Files</Filter>
    </ClInclude>
    <ClInclude Include="main.h">
      <Filter>Source Files\headers</Filter>
    </ClInclude>
    <ClInclude Include="hmisc.h">
      <Filter>Source Files\headers</Filter>
    </ClInclude>
    <ClInclude Include="FN_Basic.h">
      <Filter>Source Files</Filter>
    </ClInclude>
    <ClInclude Include="bchartdir.h">
      <Filter>Source Files\randomshit</Filter>
    </ClInclude>
    <ClInclude Include="chartdir.h">
      <Filter>Source Files\randomshit</Filter>
    </ClInclude>
    <ClInclude Include="FinanceChart.h">
      <Filter>Source Files\randomshit</Filter>
    </ClInclude>
    <ClInclude Include="memblock.h">
      <Filter>Source Files\randomshit</Filter>
    </ClInclude>
    <ClInclude Include="ChartViewer.h">
      <Filter>Source Files\randomshit</Filter>
    </ClInclude>
    <ClInclude Include="internal_utils.h">
      <Filter>Source Files</Filter>
    </ClInclude>
    <ClInclude Include="imconfig.h">
      <Filter>Source Files\imgui</Filter>
    </ClInclude>
  </ItemGroup>
  <ItemGroup>
    <ClCompile Include="dllmain.cpp">
      <Filter>Source Files</Filter>
    </ClCompile>
    <ClCompile Include="imgui.cpp">
      <Filter>Source Files\imgui</Filter>
    </ClCompile>
    <ClCompile Include="imgui_draw.cpp">
      <Filter>Source Files\imgui</Filter>
    </ClCompile>
    <ClCompile Include="imgui_impl_dx9.cpp">
      <Filter>Source Files\imgui</Filter>
    </ClCompile>
    <ClCompile Include="imgui_impl_win32.cpp">
      <Filter>Source Files\imgui</Filter>
    </ClCompile>
    <ClCompile Include="imgui_widgets.cpp">
      <Filter>Source Files\imgui</Filter>
    </ClCompile>
  </ItemGroup>
</Project>